PODS:
  - FBSnapshotTestCase (1.5)
  - TimeIntervalPicker (0.1.0)

DEPENDENCIES:
  - FBSnapshotTestCase
  - TimeIntervalPicker (from `../`)

EXTERNAL SOURCES:
  TimeIntervalPicker:
    :path: "../"

SPEC CHECKSUMS:
  FBSnapshotTestCase: 26f32d8fa9eb30e9f09712ecfb097808bc79b898
  TimeIntervalPicker: 9d1874124e9c6b10869dadf77558ae9b4c927f97

COCOAPODS: 0.38.1
